PODS:
  - AppsFlyerFramework (6.5.3):
    - AppsFlyerFramework/Main (= 6.5.3)
  - AppsFlyerFramework/Main (6.5.3)
  - FBAEMKit (13.0.0):
    - FBSDKCoreKit_Basics (= 13.0.0)
  - FBSDKCoreKit (13.0.0):
    - FBAEMKit (= 13.0.0)
    - FBSDKCoreKit_Basics (= 13.0.0)
  - FBSDKCoreKit_Basics (13.0.0)
  - Firebase/Core (8.12.1):
    - Firebase/CoreOnly
    - FirebaseAnalytics (~> 8.12.0)
  - Firebase/CoreOnly (8.12.1):
    - FirebaseCore (= 8.12.1)
  - Firebase/Crashlytics (8.12.1):
    - Firebase/CoreOnly
    - FirebaseCrashlytics (~> 8.12.0)
  - FirebaseAnalytics (8.12.0):
    - FirebaseAnalytics/AdIdSupport (= 8.12.0)
    - FirebaseCore (~> 8.0)
    - FirebaseInstallations (~> 8.0)
    - GoogleUtilities/AppDelegateSwizzler (~> 7.7)
    - GoogleUtilities/MethodSwizzler (~> 7.7)
    - GoogleUtilities/Network (~> 7.7)
    - "GoogleUtilities/NSData+zlib (~> 7.7)"
    - nanopb (~> 2.30908.0)
  - FirebaseAnalytics/AdIdSupport (8.12.0):
    - FirebaseCore (~> 8.0)
    - FirebaseInstallations (~> 8.0)
    - GoogleAppMeasurement (= 8.12.0)
    - GoogleUtilities/AppDelegateSwizzler (~> 7.7)
    - GoogleUtilities/MethodSwizzler (~> 7.7)
    - GoogleUtilities/Network (~> 7.7)
    - "GoogleUtilities/NSData+zlib (~> 7.7)"
    - nanopb (~> 2.30908.0)
  - FirebaseCore (8.12.1):
    - FirebaseCoreDiagnostics (~> 8.0)
    - GoogleUtilities/Environment (~> 7.7)
    - GoogleUtilities/Logger (~> 7.7)
  - FirebaseCoreDiagnostics (8.12.0):
    - GoogleDataTransport (~> 9.1)
    - GoogleUtilities/Environment (~> 7.7)
    - GoogleUtilities/Logger (~> 7.7)
    - nanopb (~> 2.30908.0)
  - FirebaseCrashlytics (8.12.0):
    - FirebaseCore (~> 8.0)
    - FirebaseInstallations (~> 8.0)
    - GoogleDataTransport (~> 9.1)
    - GoogleUtilities/Environment (~> 7.7)
    - nanopb (~> 2.30908.0)
    - PromisesObjC (< 3.0, >= 1.2)
  - FirebaseInstallations (8.12.0):
    - FirebaseCore (~> 8.0)
    - GoogleUtilities/Environment (~> 7.7)
    - GoogleUtilities/UserDefaults (~> 7.7)
    - PromisesObjC (< 3.0, >= 1.2)
  - GoogleAppMeasurement (8.12.0):
    - GoogleAppMeasurement/AdIdSupport (= 8.12.0)
    - GoogleUtilities/AppDelegateSwizzler (~> 7.7)
    - GoogleUtilities/MethodSwizzler (~> 7.7)
    - GoogleUtilities/Network (~> 7.7)
    - "GoogleUtilities/NSData+zlib (~> 7.7)"
    - nanopb (~> 2.30908.0)
  - GoogleAppMeasurement/AdIdSupport (8.12.0):
    - GoogleAppMeasurement/WithoutAdIdSupport (= 8.12.0)
    - GoogleUtilities/AppDelegateSwizzler (~> 7.7)
    - GoogleUtilities/MethodSwizzler (~> 7.7)
    - GoogleUtilities/Network (~> 7.7)
    - "GoogleUtilities/NSData+zlib (~> 7.7)"
    - nanopb (~> 2.30908.0)
  - GoogleAppMeasurement/WithoutAdIdSupport (8.12.0):
    - GoogleUtilities/AppDelegateSwizzler (~> 7.7)
    - GoogleUtilities/MethodSwizzler (~> 7.7)
    - GoogleUtilities/Network (~> 7.7)
    - "GoogleUtilities/NSData+zlib (~> 7.7)"
    - nanopb (~> 2.30908.0)
  - GoogleDataTransport (9.1.2):
    - GoogleUtilities/Environment (~> 7.2)
    - nanopb (~> 2.30908.0)
    - PromisesObjC (< 3.0, >= 1.2)
  - GoogleUtilities/AppDelegateSwizzler (7.7.0):
    - GoogleUtilities/Environment
    - GoogleUtilities/Logger
    - GoogleUtilities/Network
  - GoogleUtilities/Environment (7.7.0):
    - PromisesObjC (< 3.0, >= 1.2)
  - GoogleUtilities/Logger (7.7.0):
    - GoogleUtilities/Environment
  - GoogleUtilities/MethodSwizzler (7.7.0):
    - GoogleUtilities/Logger
  - GoogleUtilities/Network (7.7.0):
    - GoogleUtilities/Logger
    - "GoogleUtilities/NSData+zlib"
    - GoogleUtilities/Reachability
  - "GoogleUtilities/NSData+zlib (7.7.0)"
  - GoogleUtilities/Reachability (7.7.0):
    - GoogleUtilities/Logger
  - GoogleUtilities/UserDefaults (7.7.0):
    - GoogleUtilities/Logger
  - nanopb (2.30908.0):
    - nanopb/decode (= 2.30908.0)
    - nanopb/encode (= 2.30908.0)
  - nanopb/decode (2.30908.0)
  - nanopb/encode (2.30908.0)
  - PocketAnalytics (1.2.7)
  - PocketAnalyticsDrain/AppsFlyer (1.2.7):
    - AppsFlyerFramework
    - PocketAnalytics
  - PocketAnalyticsDrain/Facebook (1.2.7):
    - FBSDKCoreKit
    - PocketAnalytics
  - PocketAnalyticsDrain/Firebase (1.2.7):
    - Firebase/Core
    - Firebase/Crashlytics
    - PocketAnalytics
  - PocketAnalyticsDrain/Tenjin (1.2.7):
    - PocketAnalytics
    - TenjinSDK
  - PromisesObjC (2.0.0)
  - TenjinSDK (1.12.7)

DEPENDENCIES:
  - PocketAnalytics (from `../`)
  - PocketAnalyticsDrain/AppsFlyer (from `../`)
  - PocketAnalyticsDrain/Facebook (from `../`)
  - PocketAnalyticsDrain/Firebase (from `../`)
  - PocketAnalyticsDrain/Tenjin (from `../`)

SPEC REPOS:
  trunk:
    - AppsFlyerFramework
    - FBAEMKit
    - FBSDKCoreKit
    - FBSDKCoreKit_Basics
    - Firebase
    - FirebaseAnalytics
    - FirebaseCore
    - FirebaseCoreDiagnostics
    - FirebaseCrashlytics
    - FirebaseInstallations
    - GoogleAppMeasurement
    - GoogleDataTransport
    - GoogleUtilities
    - nanopb
    - PromisesObjC
    - TenjinSDK

EXTERNAL SOURCES:
  PocketAnalytics:
    :path: "../"
  PocketAnalyticsDrain:
    :path: "../"

SPEC CHECKSUMS:
  AppsFlyerFramework: daff1a8ac502cef2c9408794bac68c852e3483d4
  FBAEMKit: 11a0bcdc7a88e26ed764bcf56372afc6cbbbdcd9
  FBSDKCoreKit: 00e1e751257e1005304fa29cb683d2dfe008f41a
  FBSDKCoreKit_Basics: 96ec2ddb67a032e54f0754ea3d59db6f84f42389
  Firebase: 580d09e8edafc3073ebf09c03fd42e4d80d35fe9
  FirebaseAnalytics: bd10d7706ba8d6e01ea2816f8fe9e9b881cb0918
  FirebaseCore: 8138de860a90ca7eec5e324da5788fb0ebf1d93c
  FirebaseCoreDiagnostics: 3b40dfadef5b90433a60ae01f01e90fe87aa76aa
  FirebaseCrashlytics: 7952ffd988006128325510664b99dc8ca5851dff
  FirebaseInstallations: 25764cf322e77f99449395870a65b2bef88e1545
  GoogleAppMeasurement: ae033c3aad67e68294369373056b4d74cc8ae0d6
  GoogleDataTransport: 629c20a4d363167143f30ea78320d5a7eb8bd940
  GoogleUtilities: e0913149f6b0625b553d70dae12b49fc62914fd1
  nanopb: a0ba3315591a9ae0a16a309ee504766e90db0c96
  PocketAnalytics: 190efd720c70278fff7fcddd0e819a6d88635b1d
  PocketAnalyticsDrain: 56a37d18e89f051abb94676416c9c7d5976c82ba
  PromisesObjC: 68159ce6952d93e17b2dfe273b8c40907db5ba58
  TenjinSDK: 5220e9a21c13f6b91ac579d9c8ce2ee537a55b6d

PODFILE CHECKSUM: 5daf287979e4c128c7c2f3b78c03bb162772caf9

COCOAPODS: 1.11.2
